
Microsoft Visual Studio Solution File, Format Version 12.00
# Visual Studio 15
Project("{FAE04EC0-301F-11D3-BF4B-00C04F79EFBC}") = "CarServiceServer", "CarServiceServer\CarServiceServer.csproj", "{608D485B-E216-4B0D-9EF7-DB58F0EC5119}"
EndProject
Project("{FAE04EC0-301F-11D3-BF4B-00C04F79EFBC}") = "ModelDb", "ModelDb\ModelDb.csproj", "{2103C227-161D-408A-9907-BB39272DDF96}"
EndProject
Global
	GlobalSection(SolutionConfigurationPlatforms) = preSolution
		Debug|Any CPU = Debug|Any CPU
		Release|Any CPU = Release|Any CPU
	EndGlobalSection
	GlobalSection(ProjectConfigurationPlatforms) = postSolution
		{608D485B-E216-4B0D-9EF7-DB58F0EC5119}.Debug|Any CPU.ActiveCfg = Debug|Any CPU
		{608D485B-E216-4B0D-9EF7-DB58F0EC5119}.Debug|Any CPU.Build.0 = Debug|Any CPU
		{608D485B-E216-4B0D-9EF7-DB58F0EC5119}.Release|Any CPU.ActiveCfg = Release|Any CPU
		{608D485B-E216-4B0D-9EF7-DB58F0EC5119}.Release|Any CPU.Build.0 = Release|Any CPU
		{2103C227-161D-408A-9907-BB39272DDF96}.Debug|Any CPU.ActiveCfg = Debug|Any CPU
		{2103C227-161D-408A-9907-BB39272DDF96}.Debug|Any CPU.Build.0 = Debug|Any CPU
		{2103C227-161D-408A-9907-BB39272DDF96}.Release|Any CPU.ActiveCfg = Release|Any CPU
		{2103C227-161D-408A-9907-BB39272DDF96}.Release|Any CPU.Build.0 = Release|Any CPU
	EndGlobalSection
	GlobalSection(MonoDevelopProperties) = preSolution
		Policies = $0
		$0.TextStylePolicy = $1
		$1.FileWidth = 0
		$1.TabsToSpaces = True
		$1.scope = text/x-csharp
		$0.CSharpFormattingPolicy = $2
		$2.scope = text/x-csharp
	EndGlobalSection
EndGlobal
